{
  "requires": true,
  "lockfileVersion": 1,
  "dependencies": {
    "@popperjs/core": {
      "version": "2.1.1",
      "resolved": "https://registry.npmjs.org/@popperjs/core/-/core-2.1.1.tgz",
      "integrity": "sha512-sLqWxCzC5/QHLhziXSCAksBxHfOnQlhPRVgPK0egEw+ktWvG75T2k+aYWVjVh9+WKeT3tlG3ZNbZQvZLmfuOIw=="
    }
  }
}
